# This file is autogenerated, do not edit; changes may be undone by the next 'dep ensure'.


[[projects]]
  name = "github.com/Azure/draft"
  packages = [
    "pkg/linguist",
    "pkg/linguist/data",
    "pkg/linguist/tokenizer",
    "pkg/osutil"
  ]
  revision = "53924464463d2474f410415f1310d2b95fb8965f"
  version = "v0.12.0"

[[projects]]
  name = "github.com/BurntSushi/toml"
  packages = ["."]
  revision = "b26d9c308763d68093482582cea63d69be07a0f0"
  version = "v0.3.0"

[[projects]]
  name = "github.com/ashb/jqrepl"
  packages = ["jq"]
  revision = "70de3caa122cf7c7a737f28b666ab0d541560598"
  version = "v0.1.0"

[[projects]]
  branch = "master"
  name = "github.com/cheekybits/is"
  packages = ["."]
  revision = "68e9c0620927fb5427fda3708222d0edee89eae9"

[[projects]]
  name = "github.com/clbanning/mxj"
  packages = ["."]
  revision = "1f00e0bf9bacd7ea9c93d27594d1d1f5a41bac36"
  version = "v1.8"

[[projects]]
  name = "github.com/ghodss/yaml"
  packages = ["."]
  revision = "0ca9ea5df5451ffdf184b4428c902747c2c11cd7"
  version = "v1.0.0"

[[projects]]
  branch = "master"
  name = "github.com/globalsign/mgo"
  packages = [
    "bson",
    "internal/json"
  ]
  revision = "efe0945164a7e582241f37ae8983c075f8f2e870"

[[projects]]
  name = "github.com/inconshreveable/mousetrap"
  packages = ["."]
  revision = "76626ae9c91c4f2a10f34cad8ce83ea42c93bb75"
  version = "v1.0"

[[projects]]
  branch = "master"
  name = "github.com/jbrukh/bayesian"
  packages = ["."]
  revision = "bf3f261f9a9c61145c60d47665b0518cc32c774f"

[[projects]]
  name = "github.com/sirupsen/logrus"
  packages = ["."]
  revision = "c155da19408a8799da419ed3eeb0cb5db0ad5dbc"
  version = "v1.0.5"

[[projects]]
  branch = "master"
  name = "github.com/spf13/cobra"
  packages = ["."]
  revision = "ef82de70bb3f60c65fb8eebacbb2d122ef517385"

[[projects]]
  name = "github.com/spf13/pflag"
  packages = ["."]
  revision = "583c0c0531f06d5278b7d917446061adc344b5cd"
  version = "v1.0.1"

[[projects]]
  branch = "master"
  name = "github.com/zeebo/bencode"
  packages = ["."]
  revision = "d522839ac797fc43269dae6a04a1f8be475a915d"

[[projects]]
  branch = "master"
  name = "golang.org/x/crypto"
  packages = ["ssh/terminal"]
  revision = "1a580b3eff7814fc9b40602fd35256c63b50f491"

[[projects]]
  branch = "master"
  name = "golang.org/x/sys"
  packages = [
    "unix",
    "windows"
  ]
  revision = "7c87d13f8e835d2fb3a70a2912c811ed0c1d241b"

[[projects]]
  name = "gopkg.in/yaml.v2"
  packages = ["."]
  revision = "5420a8b6744d3b0345ab293f6fcba19c978f1183"
  version = "v2.2.1"

[solve-meta]
  analyzer-name = "dep"
  analyzer-version = 1
  inputs-digest = "61d8828eb7340a0044a935d6dd3b0c1a12d15693e05c3bbfe0a7b452b652972f"
  solver-name = "gps-cdcl"
  solver-version = 1
